Microsoft Visual Studio Solution File, Format Version 12.00
# Visual Studio Version 17
VisualStudioVersion = 17.5.2.0
MinimumVisualStudioVersion = 10.0.40219.1
Project("{FAE04EC0-301F-11D3-BF4B-00C04F79EFBC}") = "VstupenkyWeb", "VstupenkyWeb.csproj", "{B54ACC52-C2BC-61DA-102C-41044CCDC29B}"
EndProject
Global
	GlobalSection(SolutionConfigurationPlatforms) = preSolution
		Debug|Any CPU = Debug|Any CPU
		Release|Any CPU = Release|Any CPU
	EndGlobalSection
	GlobalSection(ProjectConfigurationPlatforms) = postSolution
		{B54ACC52-C2BC-61DA-102C-41044CCDC29B}.Debug|Any CPU.ActiveCfg = Debug|Any CPU
		{B54ACC52-C2BC-61DA-102C-41044CCDC29B}.Debug|Any CPU.Build.0 = Debug|Any CPU
		{B54ACC52-C2BC-61DA-102C-41044CCDC29B}.Release|Any CPU.ActiveCfg = Release|Any CPU
		{B54ACC52-C2BC-61DA-102C-41044CCDC29B}.Release|Any CPU.Build.0 = Release|Any CPU
	EndGlobalSection
	GlobalSection(SolutionProperties) = preSolution
		HideSolutionNode = FALSE
	EndGlobalSection
	GlobalSection(ExtensibilityGlobals) = postSolution
		SolutionGuid = {DB8CDD34-D16B-4557-9B71-B73C214C2B6B}
	EndGlobalSection
EndGlobal
